
Microsoft Visual Studio Solution File, Format Version 12.00
# Visual Studio Version 16
VisualStudioVersion = 16.0.30621.155
MinimumVisualStudioVersion = 10.0.40219.1
Project("{9A19103F-16F7-4668-BE54-9A1E7A4F7556}") = "TAIO", "TAIO.csproj", "{CD5EA77F-C25E-435C-A6A0-78CAE2BD291A}"
EndProject
Project("{FAE04EC0-301F-11D3-BF4B-00C04F79EFBC}") = "UnitTests", "..\UnitTests\UnitTests.csproj", "{674CEDD1-5C70-4D5F-9E0F-C0BE40DCAA47}"
	ProjectSection(ProjectDependencies) = postProject
		{CD5EA77F-C25E-435C-A6A0-78CAE2BD291A} = {CD5EA77F-C25E-435C-A6A0-78CAE2BD291A}
	EndProjectSection
EndProject
Global
	GlobalSection(SolutionConfigurationPlatforms) = preSolution
		Debug|Any CPU = Debug|Any CPU
		Release|Any CPU = Release|Any CPU
	EndGlobalSection
	GlobalSection(ProjectConfigurationPlatforms) = postSolution
		{CD5EA77F-C25E-435C-A6A0-78CAE2BD291A}.Debug|Any CPU.ActiveCfg = Debug|Any CPU
		{CD5EA77F-C25E-435C-A6A0-78CAE2BD291A}.Debug|Any CPU.Build.0 = Debug|Any CPU
		{CD5EA77F-C25E-435C-A6A0-78CAE2BD291A}.Release|Any CPU.ActiveCfg = Release|Any CPU
		{CD5EA77F-C25E-435C-A6A0-78CAE2BD291A}.Release|Any CPU.Build.0 = Release|Any CPU
		{674CEDD1-5C70-4D5F-9E0F-C0BE40DCAA47}.Debug|Any CPU.ActiveCfg = Debug|Any CPU
		{674CEDD1-5C70-4D5F-9E0F-C0BE40DCAA47}.Debug|Any CPU.Build.0 = Debug|Any CPU
		{674CEDD1-5C70-4D5F-9E0F-C0BE40DCAA47}.Release|Any CPU.ActiveCfg = Release|Any CPU
		{674CEDD1-5C70-4D5F-9E0F-C0BE40DCAA47}.Release|Any CPU.Build.0 = Release|Any CPU
	EndGlobalSection
	GlobalSection(SolutionProperties) = preSolution
		HideSolutionNode = FALSE
	EndGlobalSection
	GlobalSection(ExtensibilityGlobals) = postSolution
		SolutionGuid = {7F54A331-447A-443B-AF04-A1CD15E71A9C}
	EndGlobalSection
EndGlobal
